{
  "name": "stack",
  "version": "1.0.0",
  "lockfileVersion": 1,
  "requires": true,
  "dependencies": {
    "@vivek-dsa/stack": {
      "version": "1.0.1",
      "resolved": "https://registry.npmjs.org/@vivek-dsa/stack/-/stack-1.0.1.tgz",
      "integrity": "sha512-hcFgPKlVWgVlfjsAhbXnGnXIvxjZNL4KWO0+FNeTaQgeyXLQ4qYNE+qgEepToU2iJSCeNMt7MYU54piDfBZ56A=="
    }
  }
}
